{
  "name": "noa-examples",
  "version": "0.33.0",
  "lockfileVersion": 2,
  "requires": true,
  "packages": {
    "": {
      "name": "noa-examples",
      "version": "0.33.0",
      "license": "ISC",
      "dependencies": {
        "@babylonjs/core": "^6.1.0",
        "babylonjs-inspector": "^5.14.1",
        "noa-engine": "^0.33.0",
        "voxel-crunch": "^0.2.1"
      },
      "devDependencies": {
        "vite": "^3.1.1"
      }
    },
    "node_modules/@babylonjs/core": {
      "version": "6.1.0",
      "resolved": "https://registry.npmjs.org/@babylonjs/core/-/core-6.1.0.tgz",
      "integrity": "sha512-/RfJU9B0bidGpZrxRWoHx+bHxeX07ICXTcVHwe7fFRk/uaBw3ZW8PzYqW30bN4s6oT+oxXzsj/jFAxE/zO+S9Q=="
    },
    "node_modules/@esbuild/linux-loong64": {
      "version": "0.15.7",
      "resolved": "https://registry.npmjs.org/@esbuild/linux-loong64/-/linux-loong64-0.15.7.tgz",
      "integrity": "sha512-IKznSJOsVUuyt7cDzzSZyqBEcZe+7WlBqTVXiF1OXP/4Nm387ToaXZ0fyLwI1iBlI/bzpxVq411QE2/Bt2XWWw==",
      "cpu": [
        "loong64"
      ],
      "dev": true,
      "optional": true,
      "os": [
        "linux"
      ],
      "engines": {
        "node": ">=12"
      }
    },
    "node_modules/@jpweeks/typedarray-pool": {
      "version": "2.0.0",
      "resolved": "https://registry.npmjs.org/@jpweeks/typedarray-pool/-/typedarray-pool-2.0.0.tgz",
      "integrity": "sha512-gIVyexWRE9UtiwWWr0bQuO1Odl6jZkVGVzdCVwAl4aCYllOPf+A8pz99ttYtAieXOh5OS3M50qfRYd+yDw6jEw==",
      "dependencies": {
        "bit-twiddle": "^1.0.0",
        "dup": "^1.0.0",
        "is-buffer": "^2.0.3"
      }
    },
    "node_modules/aabb-3d": {
      "version": "0.2.1",
      "resolved": "git+ssh://git@github.com/fenomas/aabb-3d.git#c5698961161884397c711e8fb533611642a8a487",
      "license": "MIT",
      "dependencies": {
        "gl-vec3": "^1.0.3"
      }
    },
    "node_modules/babylonjs": {
      "version": "5.20.0",
      "hasInstallScript": true,
      "license": "Apache-2.0"
    },
    "node_modules/babylonjs-gltf2interface": {
      "version": "5.20.0",
      "license": "Apache-2.0"
    },
    "node_modules/babylonjs-gui": {
      "version": "5.20.0",
      "license": "Apache-2.0",
      "dependencies": {
        "babylonjs": "^5.20.0"
      }
    },
    "node_modules/babylonjs-gui-editor": {
      "version": "5.20.0",
      "license": "Apache-2.0",
      "dependencies": {
        "babylonjs": "^5.20.0",
        "babylonjs-gui": "^5.20.0"
      }
    },
    "node_modules/babylonjs-inspector": {
      "version": "5.20.0",
      "license": "Apache-2.0",
      "dependencies": {
        "babylonjs": "^5.20.0",
        "babylonjs-gui": "^5.20.0",
        "babylonjs-gui-editor": "^5.20.0",
        "babylonjs-loaders": "^5.20.0",
        "babylonjs-materials": "^5.20.0",
        "babylonjs-serializers": "^5.20.0"
      }
    },
    "node_modules/babylonjs-loaders": {
      "version": "5.20.0",
      "license": "Apache-2.0",
      "dependencies": {
        "babylonjs": "^5.20.0",
        "babylonjs-gltf2interface": "^5.20.0"
      }
    },
    "node_modules/babylonjs-materials": {
      "version": "5.20.0",
      "license": "Apache-2.0",
      "dependencies": {
        "babylonjs": "^5.20.0"
      }
    },
    "node_modules/babylonjs-serializers": {
      "version": "5.20.0",
      "license": "Apache-2.0",
      "dependencies": {
        "babylonjs": "^5.20.0",
        "babylonjs-gltf2interface": "^5.20.0"
      }
    },
    "node_modules/bit-twiddle": {
      "version": "1.0.2",
      "resolved": "https://registry.npmjs.org/bit-twiddle/-/bit-twiddle-1.0.2.tgz",
      "integrity": "sha512-B9UhK0DKFZhoTFcfvAzhqsjStvGJp9vYWf3+6SNTtdSQnvIgfkHbgHrg/e4+TH71N2GDu8tpmCVoyfrL1d7ntA=="
    },
    "node_modules/box-intersect": {
      "version": "1.0.3",
      "resolved": "git+ssh://git@github.com/fenomas/box-intersect.git#383cb9bef2cf7140ca6ca9b705669fb108d1357f",
      "license": "MIT",
      "dependencies": {
        "@jpweeks/typedarray-pool": "^2.0.0",
        "bit-twiddle": "^1.0.2"
      }
    },
    "node_modules/dup": {
      "version": "1.0.0",
      "resolved": "https://registry.npmjs.org/dup/-/dup-1.0.0.tgz",
      "integrity": "sha512-Bz5jxMMC0wgp23Zm15ip1x8IhYRqJvF3nFC0UInJUDkN1z4uNPk9jTnfCUJXbOGiQ1JbXLQsiV41Fb+HXcj5BA=="
    },
    "node_modules/ent-comp": {
      "version": "0.11.0",
      "resolved": "https://registry.npmjs.org/ent-comp/-/ent-comp-0.11.0.tgz",
      "integrity": "sha512-CgFnraUeegcPQTEwhaqqlZwdwEEfTToxvqA+m9WizNP3I7ZECphv8odpQevinkTl5B4Zdv4vcWk0GcvBH3/Wxw=="
    },
    "node_modules/esbuild": {
      "version": "0.15.7",
      "resolved": "https://registry.npmjs.org/esbuild/-/esbuild-0.15.7.tgz",
      "integrity": "sha512-7V8tzllIbAQV1M4QoE52ImKu8hT/NLGlGXkiDsbEU5PS6K8Mn09ZnYoS+dcmHxOS9CRsV4IRAMdT3I67IyUNXw==",
      "dev": true,
      "hasInstallScript": true,
      "bin": {
        "esbuild": "bin/esbuild"
      },
      "engines": {
        "node": ">=12"
      },
      "optionalDependencies": {
        "@esbuild/linux-loong64": "0.15.7",
        "esbuild-android-64": "0.15.7",
        "esbuild-android-arm64": "0.15.7",
        "esbuild-darwin-64": "0.15.7",
        "esbuild-darwin-arm64": "0.15.7",
        "esbuild-freebsd-64": "0.15.7",
        "esbuild-freebsd-arm64": "0.15.7",
        "esbuild-linux-32": "0.15.7",
        "esbuild-linux-64": "0.15.7",
        "esbuild-linux-arm": "0.15.7",
        "esbuild-linux-arm64": "0.15.7",
        "esbuild-linux-mips64le": "0.15.7",
        "esbuild-linux-ppc64le": "0.15.7",
        "esbuild-linux-riscv64": "0.15.7",
        "esbuild-linux-s390x": "0.15.7",
        "esbuild-netbsd-64": "0.15.7",
        "esbuild-openbsd-64": "0.15.7",
        "esbuild-sunos-64": "0.15.7",
        "esbuild-windows-32": "0.15.7",
        "esbuild-windows-64": "0.15.7",
        "esbuild-windows-arm64": "0.15.7"
      }
    },
    "node_modules/esbuild-android-64": {
      "version": "0.15.7",
      "resolved": "https://registry.npmjs.org/esbuild-android-64/-/esbuild-android-64-0.15.7.tgz",
      "integrity": "sha512-p7rCvdsldhxQr3YHxptf1Jcd86dlhvc3EQmQJaZzzuAxefO9PvcI0GLOa5nCWem1AJ8iMRu9w0r5TG8pHmbi9w==",
      "cpu": [
        "x64"
      ],
      "dev": true,
      "optional": true,
      "os": [
        "android"
      ],
      "engines": {
        "node": ">=12"
      }
    },
    "node_modules/esbuild-android-arm64": {
      "version": "0.15.7",
      "resolved": "https://registry.npmjs.org/esbuild-android-arm64/-/esbuild-android-arm64-0.15.7.tgz",
      "integrity": "sha512-L775l9ynJT7rVqRM5vo+9w5g2ysbOCfsdLV4CWanTZ1k/9Jb3IYlQ06VCI1edhcosTYJRECQFJa3eAvkx72eyQ==",
      "cpu": [
        "arm64"
      ],
      "dev": true,
      "optional": true,
      "os": [
        "android"
      ],
      "engines": {
        "node": ">=12"
      }
    },
    "node_modules/esbuild-darwin-64": {
      "version": "0.15.7",
      "resolved": "https://registry.npmjs.org/esbuild-darwin-64/-/esbuild-darwin-64-0.15.7.tgz",
      "integrity": "sha512-KGPt3r1c9ww009t2xLB6Vk0YyNOXh7hbjZ3EecHoVDxgtbUlYstMPDaReimKe6eOEfyY4hBEEeTvKwPsiH5WZg==",
      "cpu": [
        "x64"
      ],
      "dev": true,
      "optional": true,
      "os": [
        "darwin"
      ],
      "engines": {
        "node": ">=12"
      }
    },
    "node_modules/esbuild-darwin-arm64": {
      "version": "0.15.7",
      "resolved": "https://registry.npmjs.org/esbuild-darwin-arm64/-/esbuild-darwin-arm64-0.15.7.tgz",
      "integrity": "sha512-kBIHvtVqbSGajN88lYMnR3aIleH3ABZLLFLxwL2stiuIGAjGlQW741NxVTpUHQXUmPzxi6POqc9npkXa8AcSZQ==",
      "cpu": [
        "arm64"
      ],
      "dev": true,
      "optional": true,
      "os": [
        "darwin"
      ],
      "engines": {
        "node": ">=12"
      }
    },
    "node_modules/esbuild-freebsd-64": {
      "version": "0.15.7",
      "resolved": "https://registry.npmjs.org/esbuild-freebsd-64/-/esbuild-freebsd-64-0.15.7.tgz",
      "integrity": "sha512-hESZB91qDLV5MEwNxzMxPfbjAhOmtfsr9Wnuci7pY6TtEh4UDuevmGmkUIjX/b+e/k4tcNBMf7SRQ2mdNuK/HQ==",
      "cpu": [
        "x64"
      ],
      "dev": true,
      "optional": true,
      "os": [
        "freebsd"
      ],
      "engines": {
        "node": ">=12"
      }
    },
    "node_modules/esbuild-freebsd-arm64": {
      "version": "0.15.7",
      "resolved": "https://registry.npmjs.org/esbuild-freebsd-arm64/-/esbuild-freebsd-arm64-0.15.7.tgz",
      "integrity": "sha512-dLFR0ChH5t+b3J8w0fVKGvtwSLWCv7GYT2Y2jFGulF1L5HftQLzVGN+6pi1SivuiVSmTh28FwUhi9PwQicXI6Q==",
      "cpu": [
        "arm64"
      ],
      "dev": true,
      "optional": true,
      "os": [
        "freebsd"
      ],
      "engines": {
        "node": ">=12"
      }
    },
    "node_modules/esbuild-linux-32": {
      "version": "0.15.7",
      "resolved": "https://registry.npmjs.org/esbuild-linux-32/-/esbuild-linux-32-0.15.7.tgz",
      "integrity": "sha512-v3gT/LsONGUZcjbt2swrMjwxo32NJzk+7sAgtxhGx1+ZmOFaTRXBAi1PPfgpeo/J//Un2jIKm/I+qqeo4caJvg==",
      "cpu": [
        "ia32"
      ],
      "dev": true,
      "optional": true,
      "os": [
        "linux"
      ],
      "engines": {
        "node": ">=12"
      }
    },
    "node_modules/esbuild-linux-64": {
      "version": "0.15.7",
      "resolved": "https://registry.npmjs.org/esbuild-linux-64/-/esbuild-linux-64-0.15.7.tgz",
      "integrity": "sha512-LxXEfLAKwOVmm1yecpMmWERBshl+Kv5YJ/1KnyAr6HRHFW8cxOEsEfisD3sVl/RvHyW//lhYUVSuy9jGEfIRAQ==",
      "cpu": [
        "x64"
      ],
      "dev": true,
      "optional": true,
      "os": [
        "linux"
      ],
      "engines": {
        "node": ">=12"
      }
    },
    "node_modules/esbuild-linux-arm": {
      "version": "0.15.7",
      "resolved": "https://registry.npmjs.org/esbuild-linux-arm/-/esbuild-linux-arm-0.15.7.tgz",
      "integrity": "sha512-JKgAHtMR5f75wJTeuNQbyznZZa+pjiUHV7sRZp42UNdyXC6TiUYMW/8z8yIBAr2Fpad8hM1royZKQisqPABPvQ==",
      "cpu": [
        "arm"
      ],
      "dev": true,
      "optional": true,
      "os": [
        "linux"
      ],
      "engines": {
        "node": ">=12"
      }
    },
    "node_modules/esbuild-linux-arm64": {
      "version": "0.15.7",
      "resolved": "https://registry.npmjs.org/esbuild-linux-arm64/-/esbuild-linux-arm64-0.15.7.tgz",
      "integrity": "sha512-P3cfhudpzWDkglutWgXcT2S7Ft7o2e3YDMrP1n0z2dlbUZghUkKCyaWw0zhp4KxEEzt/E7lmrtRu/pGWnwb9vw==",
      "cpu": [
        "arm64"
      ],
      "dev": true,
      "optional": true,
      "os": [
        "linux"
      ],
      "engines": {
        "node": ">=12"
      }
    },
    "node_modules/esbuild-linux-mips64le": {
      "version": "0.15.7",
      "resolved": "https://registry.npmjs.org/esbuild-linux-mips64le/-/esbuild-linux-mips64le-0.15.7.tgz",
      "integrity": "sha512-T7XKuxl0VpeFLCJXub6U+iybiqh0kM/bWOTb4qcPyDDwNVhLUiPcGdG2/0S7F93czUZOKP57YiLV8YQewgLHKw==",
      "cpu": [
        "mips64el"
      ],
      "dev": true,
      "optional": true,
      "os": [
        "linux"
      ],
      "engines": {
        "node": ">=12"
      }
    },
    "node_modules/esbuild-linux-ppc64le": {
      "version": "0.15.7",
      "resolved": "https://registry.npmjs.org/esbuild-linux-ppc64le/-/esbuild-linux-ppc64le-0.15.7.tgz",
      "integrity": "sha512-6mGuC19WpFN7NYbecMIJjeQgvDb5aMuvyk0PDYBJrqAEMkTwg3Z98kEKuCm6THHRnrgsdr7bp4SruSAxEM4eJw==",
      "cpu": [
        "ppc64"
      ],
      "dev": true,
      "optional": true,
      "os": [
        "linux"
      ],
      "engines": {
        "node": ">=12"
      }
    },
    "node_modules/esbuild-linux-riscv64": {
      "version": "0.15.7",
      "resolved": "https://registry.npmjs.org/esbuild-linux-riscv64/-/esbuild-linux-riscv64-0.15.7.tgz",
      "integrity": "sha512-uUJsezbswAYo/X7OU/P+PuL/EI9WzxsEQXDekfwpQ23uGiooxqoLFAPmXPcRAt941vjlY9jtITEEikWMBr+F/g==",
      "cpu": [
        "riscv64"
      ],
      "dev": true,
      "optional": true,
      "os": [
        "linux"
      ],
      "engines": {
        "node": ">=12"
      }
    },
    "node_modules/esbuild-linux-s390x": {
      "version": "0.15.7",
      "resolved": "https://registry.npmjs.org/esbuild-linux-s390x/-/esbuild-linux-s390x-0.15.7.tgz",
      "integrity": "sha512-+tO+xOyTNMc34rXlSxK7aCwJgvQyffqEM5MMdNDEeMU3ss0S6wKvbBOQfgd5jRPblfwJ6b+bKiz0g5nABpY0QQ==",
      "cpu": [
        "s390x"
      ],
      "dev": true,
      "optional": true,
      "os": [
        "linux"
      ],
      "engines": {
        "node": ">=12"
      }
    },
    "node_modules/esbuild-netbsd-64": {
      "version": "0.15.7",
      "resolved": "https://registry.npmjs.org/esbuild-netbsd-64/-/esbuild-netbsd-64-0.15.7.tgz",
      "integrity": "sha512-yVc4Wz+Pu3cP5hzm5kIygNPrjar/v5WCSoRmIjCPWfBVJkZNb5brEGKUlf+0Y759D48BCWa0WHrWXaNy0DULTQ==",
      "cpu": [
        "x64"
      ],
      "dev": true,
      "optional": true,
      "os": [
        "netbsd"
      ],
      "engines": {
        "node": ">=12"
      }
    },
    "node_modules/esbuild-openbsd-64": {
      "version": "0.15.7",
      "resolved": "https://registry.npmjs.org/esbuild-openbsd-64/-/esbuild-openbsd-64-0.15.7.tgz",
      "integrity": "sha512-GsimbwC4FSR4lN3wf8XmTQ+r8/0YSQo21rWDL0XFFhLHKlzEA4SsT1Tl8bPYu00IU6UWSJ+b3fG/8SB69rcuEQ==",
      "cpu": [
        "x64"
      ],
      "dev": true,
      "optional": true,
      "os": [
        "openbsd"
      ],
      "engines": {
        "node": ">=12"
      }
    },
    "node_modules/esbuild-sunos-64": {
      "version": "0.15.7",
      "resolved": "https://registry.npmjs.org/esbuild-sunos-64/-/esbuild-sunos-64-0.15.7.tgz",
      "integrity": "sha512-8CDI1aL/ts0mDGbWzjEOGKXnU7p3rDzggHSBtVryQzkSOsjCHRVe0iFYUuhczlxU1R3LN/E7HgUO4NXzGGP/Ag==",
      "cpu": [
        "x64"
      ],
      "dev": true,
      "optional": true,
      "os": [
        "sunos"
      ],
      "engines": {
        "node": ">=12"
      }
    },
    "node_modules/esbuild-windows-32": {
      "version": "0.15.7",
      "resolved": "https://registry.npmjs.org/esbuild-windows-32/-/esbuild-windows-32-0.15.7.tgz",
      "integrity": "sha512-cOnKXUEPS8EGCzRSFa1x6NQjGhGsFlVgjhqGEbLTPsA7x4RRYiy2RKoArNUU4iR2vHmzqS5Gr84MEumO/wxYKA==",
      "cpu": [
        "ia32"
      ],
      "dev": true,
      "optional": true,
      "os": [
        "win32"
      ],
      "engines": {
        "node": ">=12"
      }
    },
    "node_modules/esbuild-windows-64": {
      "version": "0.15.7",
      "resolved": "https://registry.npmjs.org/esbuild-windows-64/-/esbuild-windows-64-0.15.7.tgz",
      "integrity": "sha512-7MI08Ec2sTIDv+zH6StNBKO+2hGUYIT42GmFyW6MBBWWtJhTcQLinKS6ldIN1d52MXIbiJ6nXyCJ+LpL4jBm3Q==",
      "cpu": [
        "x64"
      ],
      "dev": true,
      "optional": true,
      "os": [
        "win32"
      ],
      "engines": {
        "node": ">=12"
      }
    },
    "node_modules/esbuild-windows-arm64": {
      "version": "0.15.7",
      "resolved": "https://registry.npmjs.org/esbuild-windows-arm64/-/esbuild-windows-arm64-0.15.7.tgz",
      "integrity": "sha512-R06nmqBlWjKHddhRJYlqDd3Fabx9LFdKcjoOy08YLimwmsswlFBJV4rXzZCxz/b7ZJXvrZgj8DDv1ewE9+StMw==",
      "cpu": [
        "arm64"
      ],
      "dev": true,
      "optional": true,
      "os": [
        "win32"
      ],
      "engines": {
        "node": ">=12"
      }
    },
    "node_modules/events": {
      "version": "3.3.0",
      "resolved": "https://registry.npmjs.org/events/-/events-3.3.0.tgz",
      "integrity": "sha512-mQw+2fkQbALzQ7V0MY0IqdnXNOeTtP4r0lN9z7AAawCXgqea7bDii20AYrIBrFd/Hx0M2Ocz6S111CaFkUcb0Q==",
      "engines": {
        "node": ">=0.8.x"
      }
    },
    "node_modules/fast-voxel-raycast": {
      "version": "0.1.1",
      "resolved": "https://registry.npmjs.org/fast-voxel-raycast/-/fast-voxel-raycast-0.1.1.tgz",
      "integrity": "sha512-0xL13ln+mxB4NCed3sfmBRhywy/vWYxbimKYvqdy/lV+/3/VPAS6/6kiNT2peFnpgeTGWGMZs05sTkvVktPAUA=="
    },
    "node_modules/fsevents": {
      "version": "2.3.2",
      "resolved": "https://registry.npmjs.org/fsevents/-/fsevents-2.3.2.tgz",
      "integrity": "sha512-xiqMQR4xAeHTuB9uWm+fFRcIOgKBMiOBP+eXiyT7jsgVCq1bkVygt00oASowB7EdtpOHaaPgKt812P9ab+DDKA==",
      "dev": true,
      "hasInstallScript": true,
      "optional": true,
      "os": [
        "darwin"
      ],
      "engines": {
        "node": "^8.16.0 || ^10.6.0 || >=11.0.0"
      }
    },
    "node_modules/function-bind": {
      "version": "1.1.1",
      "resolved": "https://registry.npmjs.org/function-bind/-/function-bind-1.1.1.tgz",
      "integrity": "sha512-yIovAzMX49sF8Yl58fSCWJ5svSLuaibPxXQJFLmBObTuCr0Mf1KiPopGM9NiFjiYBCbfaa2Fh6breQ6ANVTI0A==",
      "dev": true
    },
    "node_modules/game-inputs": {
      "version": "0.8.0",
      "resolved": "https://registry.npmjs.org/game-inputs/-/game-inputs-0.8.0.tgz",
      "integrity": "sha512-YCpIS7tUenag2zZoBAk4lWWIJyWOrT+fvGMe9h0hF75riIvUe/7xXmqZ1BANu/gydvGaxlBHuVNNcytNM3NxbA==",
      "dependencies": {
        "events": "^3.3.0"
      }
    },
    "node_modules/gl-vec3": {
      "version": "1.1.3",
      "resolved": "https://registry.npmjs.org/gl-vec3/-/gl-vec3-1.1.3.tgz",
      "integrity": "sha512-jduKUqT0SGH02l8Yl+mV1yVsDfYgQAJyXGxkJQGyxPLHRiW25DwVIRPt6uvhrEMHftJfqhqKthRcyZqNEl9Xdw=="
    },
    "node_modules/has": {
      "version": "1.0.3",
      "resolved": "https://registry.npmjs.org/has/-/has-1.0.3.tgz",
      "integrity": "sha512-f2dvO0VU6Oej7RkWJGrehjbzMAjFp5/VKPp5tTpWIV4JHHZK1/BxbFRtf/siA2SWTe09caDmVtYYzWEIbBS4zw==",
      "dev": true,
      "dependencies": {
        "function-bind": "^1.1.1"
      },
      "engines": {
        "node": ">= 0.4.0"
      }
    },
    "node_modules/iota-array": {
      "version": "1.0.0",
      "resolved": "https://registry.npmjs.org/iota-array/-/iota-array-1.0.0.tgz",
      "integrity": "sha512-pZ2xT+LOHckCatGQ3DcG/a+QuEqvoxqkiL7tvE8nn3uuu+f6i1TtpB5/FtWFbxUuVr5PZCx8KskuGatbJDXOWA=="
    },
    "node_modules/is-buffer": {
      "version": "2.0.5",
      "resolved": "https://registry.npmjs.org/is-buffer/-/is-buffer-2.0.5.tgz",
      "integrity": "sha512-i2R6zNFDwgEHJyQUtJEk0XFi1i0dPFn/oqjK3/vPCcDeJvW5NQ83V8QbicfF1SupOaB0h8ntgBC2YiE7dfyctQ==",
      "funding": [
        {
          "type": "github",
          "url": "https://github.com/sponsors/feross"
        },
        {
          "type": "patreon",
          "url": "https://www.patreon.com/feross"
        },
        {
          "type": "consulting",
          "url": "https://feross.org/support"
        }
      ],
      "engines": {
        "node": ">=4"
      }
    },
    "node_modules/is-core-module": {
      "version": "2.10.0",
      "resolved": "https://registry.npmjs.org/is-core-module/-/is-core-module-2.10.0.tgz",
      "integrity": "sha512-Erxj2n/LDAZ7H8WNJXd9tw38GYM3dv8rk8Zcs+jJuxYTW7sozH+SS8NtrSjVL1/vpLvWi1hxy96IzjJ3EHTJJg==",
      "dev": true,
      "dependencies": {
        "has": "^1.0.3"
      },
      "funding": {
        "url": "https://github.com/sponsors/ljharb"
      }
    },
    "node_modules/micro-game-shell": {
      "version": "0.9.0",
      "resolved": "https://registry.npmjs.org/micro-game-shell/-/micro-game-shell-0.9.0.tgz",
      "integrity": "sha512-7MxyiUX54OLRK75GV7tQEIJhtRd8mrYDdK2AZYU2VqiYXohCcCwQfm1fAYqmyeRDt1FZaA022fbj1eAImL59Dg=="
    },
    "node_modules/nanoid": {
      "version": "3.3.4",
      "resolved": "https://registry.npmjs.org/nanoid/-/nanoid-3.3.4.tgz",
      "integrity": "sha512-MqBkQh/OHTS2egovRtLk45wEyNXwF+cokD+1YPf9u5VfJiRdAiRwB2froX5Co9Rh20xs4siNPm8naNotSD6RBw==",
      "dev": true,
      "bin": {
        "nanoid": "bin/nanoid.cjs"
      },
      "engines": {
        "node": "^10 || ^12 || ^13.7 || ^14 || >=15.0.1"
      }
    },
    "node_modules/ndarray": {
      "version": "1.0.19",
      "resolved": "https://registry.npmjs.org/ndarray/-/ndarray-1.0.19.tgz",
      "integrity": "sha512-B4JHA4vdyZU30ELBw3g7/p9bZupyew5a7tX1Y/gGeF2hafrPaQZhgrGQfsvgfYbgdFZjYwuEcnaobeM/WMW+HQ==",
      "dependencies": {
        "iota-array": "^1.0.0",
        "is-buffer": "^1.0.2"
      }
    },
    "node_modules/ndarray/node_modules/is-buffer": {
      "version": "1.1.6",
      "resolved": "https://registry.npmjs.org/is-buffer/-/is-buffer-1.1.6.tgz",
      "integrity": "sha512-NcdALwpXkTm5Zvvbk7owOUSvVvBKDgKP5/ewfXEznmQFfs4ZRmanOeKBTjRVjka3QFoN6XJ+9F3USqfHqTaU5w=="
    },
    "node_modules/noa-engine": {
      "version": "0.33.0",
      "resolved": "https://registry.npmjs.org/noa-engine/-/noa-engine-0.33.0.tgz",
      "integrity": "sha512-JpFUZ3rKfG+UA18/jnyccXqoeJ9PIVtOnLf1RA48WMMmq+z535m2vVD9zgXDdRdimTFwetbRY3MjMwLlyK+eLA==",
      "dependencies": {
        "aabb-3d": "github:fenomas/aabb-3d",
        "box-intersect": "github:fenomas/box-intersect",
        "ent-comp": "^0.11.0",
        "events": "^3.3.0",
        "fast-voxel-raycast": "^0.1.1",
        "game-inputs": "^0.8.0",
        "gl-vec3": "^1.1.3",
        "micro-game-shell": "^0.9.0",
        "ndarray": "^1.0.19",
        "voxel-aabb-sweep": "^0.5.0",
        "voxel-physics-engine": "^0.13.0"
      },
      "peerDependencies": {
        "@babylonjs/core": "^6.1.0"
      }
    },
    "node_modules/path-parse": {
      "version": "1.0.7",
      "resolved": "https://registry.npmjs.org/path-parse/-/path-parse-1.0.7.tgz",
      "integrity": "sha512-LDJzPVEEEPR+y48z93A0Ed0yXb8pAByGWo/k5YYdYgpY2/2EsOsksJrq7lOHxryrVOn1ejG6oAp8ahvOIQD8sw==",
      "dev": true
    },
    "node_modules/picocolors": {
      "version": "1.0.0",
      "resolved": "https://registry.npmjs.org/picocolors/-/picocolors-1.0.0.tgz",
      "integrity": "sha512-1fygroTLlHu66zi26VoTDv8yRgm0Fccecssto+MhsZ0D/DGW2sm8E8AjW7NU5VVTRt5GxbeZ5qBuJr+HyLYkjQ==",
      "dev": true
    },
    "node_modules/postcss": {
      "version": "8.4.16",
      "resolved": "https://registry.npmjs.org/postcss/-/postcss-8.4.16.tgz",
      "integrity": "sha512-ipHE1XBvKzm5xI7hiHCZJCSugxvsdq2mPnsq5+UF+VHCjiBvtDrlxJfMBToWaP9D5XlgNmcFGqoHmUn0EYEaRQ==",
      "dev": true,
      "funding": [
        {
          "type": "opencollective",
          "url": "https://opencollective.com/postcss/"
        },
        {
          "type": "tidelift",
          "url": "https://tidelift.com/funding/github/npm/postcss"
        }
      ],
      "dependencies": {
        "nanoid": "^3.3.4",
        "picocolors": "^1.0.0",
        "source-map-js": "^1.0.2"
      },
      "engines": {
        "node": "^10 || ^12 || >=14"
      }
    },
    "node_modules/resolve": {
      "version": "1.22.1",
      "resolved": "https://registry.npmjs.org/resolve/-/resolve-1.22.1.tgz",
      "integrity": "sha512-nBpuuYuY5jFsli/JIs1oldw6fOQCBioohqWZg/2hiaOybXOft4lonv85uDOKXdf8rhyK159cxU5cDcK/NKk8zw==",
      "dev": true,
      "dependencies": {
        "is-core-module": "^2.9.0",
        "path-parse": "^1.0.7",
        "supports-preserve-symlinks-flag": "^1.0.0"
      },
      "bin": {
        "resolve": "bin/resolve"
      },
      "funding": {
        "url": "https://github.com/sponsors/ljharb"
      }
    },
    "node_modules/rollup": {
      "version": "2.78.1",
      "resolved": "https://registry.npmjs.org/rollup/-/rollup-2.78.1.tgz",
      "integrity": "sha512-VeeCgtGi4P+o9hIg+xz4qQpRl6R401LWEXBmxYKOV4zlF82lyhgh2hTZnheFUbANE8l2A41F458iwj2vEYaXJg==",
      "dev": true,
      "bin": {
        "rollup": "dist/bin/rollup"
      },
      "engines": {
        "node": ">=10.0.0"
      },
      "optionalDependencies": {
        "fsevents": "~2.3.2"
      }
    },
    "node_modules/source-map-js": {
      "version": "1.0.2",
      "resolved": "https://registry.npmjs.org/source-map-js/-/source-map-js-1.0.2.tgz",
      "integrity": "sha512-R0XvVJ9WusLiqTCEiGCmICCMplcCkIwwR11mOSD9CR5u+IXYdiseeEuXCVAjS54zqwkLcPNnmU4OeJ6tUrWhDw==",
      "dev": true,
      "engines": {
        "node": ">=0.10.0"
      }
    },
    "node_modules/supports-preserve-symlinks-flag": {
      "version": "1.0.0",
      "resolved": "https://registry.npmjs.org/supports-preserve-symlinks-flag/-/supports-preserve-symlinks-flag-1.0.0.tgz",
      "integrity": "sha512-ot0WnXS9fgdkgIcePe6RHNk1WA8+muPa6cSjeR3V8K27q9BB1rTE3R1p7Hv0z1ZyAc8s6Vvv8DIyWf681MAt0w==",
      "dev": true,
      "engines": {
        "node": ">= 0.4"
      },
      "funding": {
        "url": "https://github.com/sponsors/ljharb"
      }
    },
    "node_modules/vite": {
      "version": "3.1.1",
      "resolved": "https://registry.npmjs.org/vite/-/vite-3.1.1.tgz",
      "integrity": "sha512-hgxQWev/AL7nWYrqByYo8nfcH9n97v6oFsta9+JX8h6cEkni7nHKP2kJleNYV2kcGhE8jsbaY1aStwPZXzPbgA==",
      "dev": true,
      "dependencies": {
        "esbuild": "^0.15.6",
        "postcss": "^8.4.16",
        "resolve": "^1.22.1",
        "rollup": "~2.78.0"
      },
      "bin": {
        "vite": "bin/vite.js"
      },
      "engines": {
        "node": "^14.18.0 || >=16.0.0"
      },
      "optionalDependencies": {
        "fsevents": "~2.3.2"
      },
      "peerDependencies": {
        "less": "*",
        "sass": "*",
        "stylus": "*",
        "terser": "^5.4.0"
      },
      "peerDependenciesMeta": {
        "less": {
          "optional": true
        },
        "sass": {
          "optional": true
        },
        "stylus": {
          "optional": true
        },
        "terser": {
          "optional": true
        }
      }
    },
    "node_modules/voxel-aabb-sweep": {
      "version": "0.5.0",
      "resolved": "https://registry.npmjs.org/voxel-aabb-sweep/-/voxel-aabb-sweep-0.5.0.tgz",
      "integrity": "sha512-cnjWJ8Xx03fzke8AqKCqKdDk+QsvGVOp2oAT1e6hcCFyDHAyCWM4o13G9xBofzHvXYAinz2hA8JuHK/G8+QD2w=="
    },
    "node_modules/voxel-crunch": {
      "version": "0.2.1",
      "license": "BSD",
      "dependencies": {
        "bit-twiddle": "0.0.2"
      }
    },
    "node_modules/voxel-crunch/node_modules/bit-twiddle": {
      "version": "0.0.2",
      "license": "MIT"
    },
    "node_modules/voxel-physics-engine": {
      "version": "0.13.0",
      "resolved": "https://registry.npmjs.org/voxel-physics-engine/-/voxel-physics-engine-0.13.0.tgz",
      "integrity": "sha512-5/R4VLTBmzJGsyNUNX7MNJsxBWqwmmEABTwa2mv0+Z6TLCwSEDufU5LGpP8D/50HM6eVCYR3WTpoG7JH1th/jw==",
      "dependencies": {
        "aabb-3d": "github:fenomas/aabb-3d",
        "gl-vec3": "^1.1.3",
        "voxel-aabb-sweep": "^0.5.0"
      }
    }
  },
  "dependencies": {
    "@babylonjs/core": {
      "version": "6.1.0",
      "resolved": "https://registry.npmjs.org/@babylonjs/core/-/core-6.1.0.tgz",
      "integrity": "sha512-/RfJU9B0bidGpZrxRWoHx+bHxeX07ICXTcVHwe7fFRk/uaBw3ZW8PzYqW30bN4s6oT+oxXzsj/jFAxE/zO+S9Q=="
    },
    "@esbuild/linux-loong64": {
      "version": "0.15.7",
      "resolved": "https://registry.npmjs.org/@esbuild/linux-loong64/-/linux-loong64-0.15.7.tgz",
      "integrity": "sha512-IKznSJOsVUuyt7cDzzSZyqBEcZe+7WlBqTVXiF1OXP/4Nm387ToaXZ0fyLwI1iBlI/bzpxVq411QE2/Bt2XWWw==",
      "dev": true,
      "optional": true
    },
    "@jpweeks/typedarray-pool": {
      "version": "2.0.0",
      "resolved": "https://registry.npmjs.org/@jpweeks/typedarray-pool/-/typedarray-pool-2.0.0.tgz",
      "integrity": "sha512-gIVyexWRE9UtiwWWr0bQuO1Odl6jZkVGVzdCVwAl4aCYllOPf+A8pz99ttYtAieXOh5OS3M50qfRYd+yDw6jEw==",
      "requires": {
        "bit-twiddle": "^1.0.0",
        "dup": "^1.0.0",
        "is-buffer": "^2.0.3"
      }
    },
    "aabb-3d": {
      "version": "git+ssh://git@github.com/fenomas/aabb-3d.git#c5698961161884397c711e8fb533611642a8a487",
      "from": "aabb-3d@github:fenomas/aabb-3d",
      "requires": {
        "gl-vec3": "^1.0.3"
      }
    },
    "babylonjs": {
      "version": "5.20.0"
    },
    "babylonjs-gltf2interface": {
      "version": "5.20.0"
    },
    "babylonjs-gui": {
      "version": "5.20.0",
      "requires": {
        "babylonjs": "^5.20.0"
      }
    },
    "babylonjs-gui-editor": {
      "version": "5.20.0",
      "requires": {
        "babylonjs": "^5.20.0",
        "babylonjs-gui": "^5.20.0"
      }
    },
    "babylonjs-inspector": {
      "version": "5.20.0",
      "requires": {
        "babylonjs": "^5.20.0",
        "babylonjs-gui": "^5.20.0",
        "babylonjs-gui-editor": "^5.20.0",
        "babylonjs-loaders": "^5.20.0",
        "babylonjs-materials": "^5.20.0",
        "babylonjs-serializers": "^5.20.0"
      }
    },
    "babylonjs-loaders": {
      "version": "5.20.0",
      "requires": {
        "babylonjs": "^5.20.0",
        "babylonjs-gltf2interface": "^5.20.0"
      }
    },
    "babylonjs-materials": {
      "version": "5.20.0",
      "requires": {
        "babylonjs": "^5.20.0"
      }
    },
    "babylonjs-serializers": {
      "version": "5.20.0",
      "requires": {
        "babylonjs": "^5.20.0",
        "babylonjs-gltf2interface": "^5.20.0"
      }
    },
    "bit-twiddle": {
      "version": "1.0.2",
      "resolved": "https://registry.npmjs.org/bit-twiddle/-/bit-twiddle-1.0.2.tgz",
      "integrity": "sha512-B9UhK0DKFZhoTFcfvAzhqsjStvGJp9vYWf3+6SNTtdSQnvIgfkHbgHrg/e4+TH71N2GDu8tpmCVoyfrL1d7ntA=="
    },
    "box-intersect": {
      "version": "git+ssh://git@github.com/fenomas/box-intersect.git#383cb9bef2cf7140ca6ca9b705669fb108d1357f",
      "from": "box-intersect@github:fenomas/box-intersect",
      "requires": {
        "@jpweeks/typedarray-pool": "^2.0.0",
        "bit-twiddle": "^1.0.2"
      }
    },
    "dup": {
      "version": "1.0.0",
      "resolved": "https://registry.npmjs.org/dup/-/dup-1.0.0.tgz",
      "integrity": "sha512-Bz5jxMMC0wgp23Zm15ip1x8IhYRqJvF3nFC0UInJUDkN1z4uNPk9jTnfCUJXbOGiQ1JbXLQsiV41Fb+HXcj5BA=="
    },
    "ent-comp": {
      "version": "0.11.0",
      "resolved": "https://registry.npmjs.org/ent-comp/-/ent-comp-0.11.0.tgz",
      "integrity": "sha512-CgFnraUeegcPQTEwhaqqlZwdwEEfTToxvqA+m9WizNP3I7ZECphv8odpQevinkTl5B4Zdv4vcWk0GcvBH3/Wxw=="
    },
    "esbuild": {
      "version": "0.15.7",
      "resolved": "https://registry.npmjs.org/esbuild/-/esbuild-0.15.7.tgz",
      "integrity": "sha512-7V8tzllIbAQV1M4QoE52ImKu8hT/NLGlGXkiDsbEU5PS6K8Mn09ZnYoS+dcmHxOS9CRsV4IRAMdT3I67IyUNXw==",
      "dev": true,
      "requires": {
        "@esbuild/linux-loong64": "0.15.7",
        "esbuild-android-64": "0.15.7",
        "esbuild-android-arm64": "0.15.7",
        "esbuild-darwin-64": "0.15.7",
        "esbuild-darwin-arm64": "0.15.7",
        "esbuild-freebsd-64": "0.15.7",
        "esbuild-freebsd-arm64": "0.15.7",
        "esbuild-linux-32": "0.15.7",
        "esbuild-linux-64": "0.15.7",
        "esbuild-linux-arm": "0.15.7",
        "esbuild-linux-arm64": "0.15.7",
        "esbuild-linux-mips64le": "0.15.7",
        "esbuild-linux-ppc64le": "0.15.7",
        "esbuild-linux-riscv64": "0.15.7",
        "esbuild-linux-s390x": "0.15.7",
        "esbuild-netbsd-64": "0.15.7",
        "esbuild-openbsd-64": "0.15.7",
        "esbuild-sunos-64": "0.15.7",
        "esbuild-windows-32": "0.15.7",
        "esbuild-windows-64": "0.15.7",
        "esbuild-windows-arm64": "0.15.7"
      }
    },
    "esbuild-android-64": {
      "version": "0.15.7",
      "resolved": "https://registry.npmjs.org/esbuild-android-64/-/esbuild-android-64-0.15.7.tgz",
      "integrity": "sha512-p7rCvdsldhxQr3YHxptf1Jcd86dlhvc3EQmQJaZzzuAxefO9PvcI0GLOa5nCWem1AJ8iMRu9w0r5TG8pHmbi9w==",
      "dev": true,
      "optional": true
    },
    "esbuild-android-arm64": {
      "version": "0.15.7",
      "resolved": "https://registry.npmjs.org/esbuild-android-arm64/-/esbuild-android-arm64-0.15.7.tgz",
      "integrity": "sha512-L775l9ynJT7rVqRM5vo+9w5g2ysbOCfsdLV4CWanTZ1k/9Jb3IYlQ06VCI1edhcosTYJRECQFJa3eAvkx72eyQ==",
      "dev": true,
      "optional": true
    },
    "esbuild-darwin-64": {
      "version": "0.15.7",
      "resolved": "https://registry.npmjs.org/esbuild-darwin-64/-/esbuild-darwin-64-0.15.7.tgz",
      "integrity": "sha512-KGPt3r1c9ww009t2xLB6Vk0YyNOXh7hbjZ3EecHoVDxgtbUlYstMPDaReimKe6eOEfyY4hBEEeTvKwPsiH5WZg==",
      "dev": true,
      "optional": true
    },
    "esbuild-darwin-arm64": {
      "version": "0.15.7",
      "resolved": "https://registry.npmjs.org/esbuild-darwin-arm64/-/esbuild-darwin-arm64-0.15.7.tgz",
      "integrity": "sha512-kBIHvtVqbSGajN88lYMnR3aIleH3ABZLLFLxwL2stiuIGAjGlQW741NxVTpUHQXUmPzxi6POqc9npkXa8AcSZQ==",
      "dev": true,
      "optional": true
    },
    "esbuild-freebsd-64": {
      "version": "0.15.7",
      "resolved": "https://registry.npmjs.org/esbuild-freebsd-64/-/esbuild-freebsd-64-0.15.7.tgz",
      "integrity": "sha512-hESZB91qDLV5MEwNxzMxPfbjAhOmtfsr9Wnuci7pY6TtEh4UDuevmGmkUIjX/b+e/k4tcNBMf7SRQ2mdNuK/HQ==",
      "dev": true,
      "optional": true
    },
    "esbuild-freebsd-arm64": {
      "version": "0.15.7",
      "resolved": "https://registry.npmjs.org/esbuild-freebsd-arm64/-/esbuild-freebsd-arm64-0.15.7.tgz",
      "integrity": "sha512-dLFR0ChH5t+b3J8w0fVKGvtwSLWCv7GYT2Y2jFGulF1L5HftQLzVGN+6pi1SivuiVSmTh28FwUhi9PwQicXI6Q==",
      "dev": true,
      "optional": true
    },
    "esbuild-linux-32": {
      "version": "0.15.7",
      "resolved": "https://registry.npmjs.org/esbuild-linux-32/-/esbuild-linux-32-0.15.7.tgz",
      "integrity": "sha512-v3gT/LsONGUZcjbt2swrMjwxo32NJzk+7sAgtxhGx1+ZmOFaTRXBAi1PPfgpeo/J//Un2jIKm/I+qqeo4caJvg==",
      "dev": true,
      "optional": true
    },
    "esbuild-linux-64": {
      "version": "0.15.7",
      "resolved": "https://registry.npmjs.org/esbuild-linux-64/-/esbuild-linux-64-0.15.7.tgz",
      "integrity": "sha512-LxXEfLAKwOVmm1yecpMmWERBshl+Kv5YJ/1KnyAr6HRHFW8cxOEsEfisD3sVl/RvHyW//lhYUVSuy9jGEfIRAQ==",
      "dev": true,
      "optional": true
    },
    "esbuild-linux-arm": {
      "version": "0.15.7",
      "resolved": "https://registry.npmjs.org/esbuild-linux-arm/-/esbuild-linux-arm-0.15.7.tgz",
      "integrity": "sha512-JKgAHtMR5f75wJTeuNQbyznZZa+pjiUHV7sRZp42UNdyXC6TiUYMW/8z8yIBAr2Fpad8hM1royZKQisqPABPvQ==",
      "dev": true,
      "optional": true
    },
    "esbuild-linux-arm64": {
      "version": "0.15.7",
      "resolved": "https://registry.npmjs.org/esbuild-linux-arm64/-/esbuild-linux-arm64-0.15.7.tgz",
      "integrity": "sha512-P3cfhudpzWDkglutWgXcT2S7Ft7o2e3YDMrP1n0z2dlbUZghUkKCyaWw0zhp4KxEEzt/E7lmrtRu/pGWnwb9vw==",
      "dev": true,
      "optional": true
    },
    "esbuild-linux-mips64le": {
      "version": "0.15.7",
      "resolved": "https://registry.npmjs.org/esbuild-linux-mips64le/-/esbuild-linux-mips64le-0.15.7.tgz",
      "integrity": "sha512-T7XKuxl0VpeFLCJXub6U+iybiqh0kM/bWOTb4qcPyDDwNVhLUiPcGdG2/0S7F93czUZOKP57YiLV8YQewgLHKw==",
      "dev": true,
      "optional": true
    },
    "esbuild-linux-ppc64le": {
      "version": "0.15.7",
      "resolved": "https://registry.npmjs.org/esbuild-linux-ppc64le/-/esbuild-linux-ppc64le-0.15.7.tgz",
      "integrity": "sha512-6mGuC19WpFN7NYbecMIJjeQgvDb5aMuvyk0PDYBJrqAEMkTwg3Z98kEKuCm6THHRnrgsdr7bp4SruSAxEM4eJw==",
      "dev": true,
      "optional": true
    },
    "esbuild-linux-riscv64": {
      "version": "0.15.7",
      "resolved": "https://registry.npmjs.org/esbuild-linux-riscv64/-/esbuild-linux-riscv64-0.15.7.tgz",
      "integrity": "sha512-uUJsezbswAYo/X7OU/P+PuL/EI9WzxsEQXDekfwpQ23uGiooxqoLFAPmXPcRAt941vjlY9jtITEEikWMBr+F/g==",
      "dev": true,
      "optional": true
    },
    "esbuild-linux-s390x": {
      "version": "0.15.7",
      "resolved": "https://registry.npmjs.org/esbuild-linux-s390x/-/esbuild-linux-s390x-0.15.7.tgz",
      "integrity": "sha512-+tO+xOyTNMc34rXlSxK7aCwJgvQyffqEM5MMdNDEeMU3ss0S6wKvbBOQfgd5jRPblfwJ6b+bKiz0g5nABpY0QQ==",
      "dev": true,
      "optional": true
    },
    "esbuild-netbsd-64": {
      "version": "0.15.7",
      "resolved": "https://registry.npmjs.org/esbuild-netbsd-64/-/esbuild-netbsd-64-0.15.7.tgz",
      "integrity": "sha512-yVc4Wz+Pu3cP5hzm5kIygNPrjar/v5WCSoRmIjCPWfBVJkZNb5brEGKUlf+0Y759D48BCWa0WHrWXaNy0DULTQ==",
      "dev": true,
      "optional": true
    },
    "esbuild-openbsd-64": {
      "version": "0.15.7",
      "resolved": "https://registry.npmjs.org/esbuild-openbsd-64/-/esbuild-openbsd-64-0.15.7.tgz",
      "integrity": "sha512-GsimbwC4FSR4lN3wf8XmTQ+r8/0YSQo21rWDL0XFFhLHKlzEA4SsT1Tl8bPYu00IU6UWSJ+b3fG/8SB69rcuEQ==",
      "dev": true,
      "optional": true
    },
    "esbuild-sunos-64": {
      "version": "0.15.7",
      "resolved": "https://registry.npmjs.org/esbuild-sunos-64/-/esbuild-sunos-64-0.15.7.tgz",
      "integrity": "sha512-8CDI1aL/ts0mDGbWzjEOGKXnU7p3rDzggHSBtVryQzkSOsjCHRVe0iFYUuhczlxU1R3LN/E7HgUO4NXzGGP/Ag==",
      "dev": true,
      "optional": true
    },
    "esbuild-windows-32": {
      "version": "0.15.7",
      "resolved": "https://registry.npmjs.org/esbuild-windows-32/-/esbuild-windows-32-0.15.7.tgz",
      "integrity": "sha512-cOnKXUEPS8EGCzRSFa1x6NQjGhGsFlVgjhqGEbLTPsA7x4RRYiy2RKoArNUU4iR2vHmzqS5Gr84MEumO/wxYKA==",
      "dev": true,
      "optional": true
    },
    "esbuild-windows-64": {
      "version": "0.15.7",
      "resolved": "https://registry.npmjs.org/esbuild-windows-64/-/esbuild-windows-64-0.15.7.tgz",
      "integrity": "sha512-7MI08Ec2sTIDv+zH6StNBKO+2hGUYIT42GmFyW6MBBWWtJhTcQLinKS6ldIN1d52MXIbiJ6nXyCJ+LpL4jBm3Q==",
      "dev": true,
      "optional": true
    },
    "esbuild-windows-arm64": {
      "version": "0.15.7",
      "resolved": "https://registry.npmjs.org/esbuild-windows-arm64/-/esbuild-windows-arm64-0.15.7.tgz",
      "integrity": "sha512-R06nmqBlWjKHddhRJYlqDd3Fabx9LFdKcjoOy08YLimwmsswlFBJV4rXzZCxz/b7ZJXvrZgj8DDv1ewE9+StMw==",
      "dev": true,
      "optional": true
    },
    "events": {
      "version": "3.3.0",
      "resolved": "https://registry.npmjs.org/events/-/events-3.3.0.tgz",
      "integrity": "sha512-mQw+2fkQbALzQ7V0MY0IqdnXNOeTtP4r0lN9z7AAawCXgqea7bDii20AYrIBrFd/Hx0M2Ocz6S111CaFkUcb0Q=="
    },
    "fast-voxel-raycast": {
      "version": "0.1.1",
      "resolved": "https://registry.npmjs.org/fast-voxel-raycast/-/fast-voxel-raycast-0.1.1.tgz",
      "integrity": "sha512-0xL13ln+mxB4NCed3sfmBRhywy/vWYxbimKYvqdy/lV+/3/VPAS6/6kiNT2peFnpgeTGWGMZs05sTkvVktPAUA=="
    },
    "fsevents": {
      "version": "2.3.2",
      "resolved": "https://registry.npmjs.org/fsevents/-/fsevents-2.3.2.tgz",
      "integrity": "sha512-xiqMQR4xAeHTuB9uWm+fFRcIOgKBMiOBP+eXiyT7jsgVCq1bkVygt00oASowB7EdtpOHaaPgKt812P9ab+DDKA==",
      "dev": true,
      "optional": true
    },
    "function-bind": {
      "version": "1.1.1",
      "resolved": "https://registry.npmjs.org/function-bind/-/function-bind-1.1.1.tgz",
      "integrity": "sha512-yIovAzMX49sF8Yl58fSCWJ5svSLuaibPxXQJFLmBObTuCr0Mf1KiPopGM9NiFjiYBCbfaa2Fh6breQ6ANVTI0A==",
      "dev": true
    },
    "game-inputs": {
      "version": "0.8.0",
      "resolved": "https://registry.npmjs.org/game-inputs/-/game-inputs-0.8.0.tgz",
      "integrity": "sha512-YCpIS7tUenag2zZoBAk4lWWIJyWOrT+fvGMe9h0hF75riIvUe/7xXmqZ1BANu/gydvGaxlBHuVNNcytNM3NxbA==",
      "requires": {
        "events": "^3.3.0"
      }
    },
    "gl-vec3": {
      "version": "1.1.3",
      "resolved": "https://registry.npmjs.org/gl-vec3/-/gl-vec3-1.1.3.tgz",
      "integrity": "sha512-jduKUqT0SGH02l8Yl+mV1yVsDfYgQAJyXGxkJQGyxPLHRiW25DwVIRPt6uvhrEMHftJfqhqKthRcyZqNEl9Xdw=="
    },
    "has": {
      "version": "1.0.3",
      "resolved": "https://registry.npmjs.org/has/-/has-1.0.3.tgz",
      "integrity": "sha512-f2dvO0VU6Oej7RkWJGrehjbzMAjFp5/VKPp5tTpWIV4JHHZK1/BxbFRtf/siA2SWTe09caDmVtYYzWEIbBS4zw==",
      "dev": true,
      "requires": {
        "function-bind": "^1.1.1"
      }
    },
    "iota-array": {
      "version": "1.0.0",
      "resolved": "https://registry.npmjs.org/iota-array/-/iota-array-1.0.0.tgz",
      "integrity": "sha512-pZ2xT+LOHckCatGQ3DcG/a+QuEqvoxqkiL7tvE8nn3uuu+f6i1TtpB5/FtWFbxUuVr5PZCx8KskuGatbJDXOWA=="
    },
    "is-buffer": {
      "version": "2.0.5",
      "resolved": "https://registry.npmjs.org/is-buffer/-/is-buffer-2.0.5.tgz",
      "integrity": "sha512-i2R6zNFDwgEHJyQUtJEk0XFi1i0dPFn/oqjK3/vPCcDeJvW5NQ83V8QbicfF1SupOaB0h8ntgBC2YiE7dfyctQ=="
    },
    "is-core-module": {
      "version": "2.10.0",
      "resolved": "https://registry.npmjs.org/is-core-module/-/is-core-module-2.10.0.tgz",
      "integrity": "sha512-Erxj2n/LDAZ7H8WNJXd9tw38GYM3dv8rk8Zcs+jJuxYTW7sozH+SS8NtrSjVL1/vpLvWi1hxy96IzjJ3EHTJJg==",
      "dev": true,
      "requires": {
        "has": "^1.0.3"
      }
    },
    "micro-game-shell": {
      "version": "0.9.0",
      "resolved": "https://registry.npmjs.org/micro-game-shell/-/micro-game-shell-0.9.0.tgz",
      "integrity": "sha512-7MxyiUX54OLRK75GV7tQEIJhtRd8mrYDdK2AZYU2VqiYXohCcCwQfm1fAYqmyeRDt1FZaA022fbj1eAImL59Dg=="
    },
    "nanoid": {
      "version": "3.3.4",
      "resolved": "https://registry.npmjs.org/nanoid/-/nanoid-3.3.4.tgz",
      "integrity": "sha512-MqBkQh/OHTS2egovRtLk45wEyNXwF+cokD+1YPf9u5VfJiRdAiRwB2froX5Co9Rh20xs4siNPm8naNotSD6RBw==",
      "dev": true
    },
    "ndarray": {
      "version": "1.0.19",
      "resolved": "https://registry.npmjs.org/ndarray/-/ndarray-1.0.19.tgz",
      "integrity": "sha512-B4JHA4vdyZU30ELBw3g7/p9bZupyew5a7tX1Y/gGeF2hafrPaQZhgrGQfsvgfYbgdFZjYwuEcnaobeM/WMW+HQ==",
      "requires": {
        "iota-array": "^1.0.0",
        "is-buffer": "^1.0.2"
      },
      "dependencies": {
        "is-buffer": {
          "version": "1.1.6",
          "resolved": "https://registry.npmjs.org/is-buffer/-/is-buffer-1.1.6.tgz",
          "integrity": "sha512-NcdALwpXkTm5Zvvbk7owOUSvVvBKDgKP5/ewfXEznmQFfs4ZRmanOeKBTjRVjka3QFoN6XJ+9F3USqfHqTaU5w=="
        }
      }
    },
    "noa-engine": {
      "version": "0.33.0",
      "resolved": "https://registry.npmjs.org/noa-engine/-/noa-engine-0.33.0.tgz",
      "integrity": "sha512-JpFUZ3rKfG+UA18/jnyccXqoeJ9PIVtOnLf1RA48WMMmq+z535m2vVD9zgXDdRdimTFwetbRY3MjMwLlyK+eLA==",
      "requires": {
        "aabb-3d": "github:fenomas/aabb-3d",
        "box-intersect": "github:fenomas/box-intersect",
        "ent-comp": "^0.11.0",
        "events": "^3.3.0",
        "fast-voxel-raycast": "^0.1.1",
        "game-inputs": "^0.8.0",
        "gl-vec3": "^1.1.3",
        "micro-game-shell": "^0.9.0",
        "ndarray": "^1.0.19",
        "voxel-aabb-sweep": "^0.5.0",
        "voxel-physics-engine": "^0.13.0"
      }
    },
    "path-parse": {
      "version": "1.0.7",
      "resolved": "https://registry.npmjs.org/path-parse/-/path-parse-1.0.7.tgz",
      "integrity": "sha512-LDJzPVEEEPR+y48z93A0Ed0yXb8pAByGWo/k5YYdYgpY2/2EsOsksJrq7lOHxryrVOn1ejG6oAp8ahvOIQD8sw==",
      "dev": true
    },
    "picocolors": {
      "version": "1.0.0",
      "resolved": "https://registry.npmjs.org/picocolors/-/picocolors-1.0.0.tgz",
      "integrity": "sha512-1fygroTLlHu66zi26VoTDv8yRgm0Fccecssto+MhsZ0D/DGW2sm8E8AjW7NU5VVTRt5GxbeZ5qBuJr+HyLYkjQ==",
      "dev": true
    },
    "postcss": {
      "version": "8.4.16",
      "resolved": "https://registry.npmjs.org/postcss/-/postcss-8.4.16.tgz",
      "integrity": "sha512-ipHE1XBvKzm5xI7hiHCZJCSugxvsdq2mPnsq5+UF+VHCjiBvtDrlxJfMBToWaP9D5XlgNmcFGqoHmUn0EYEaRQ==",
      "dev": true,
      "requires": {
        "nanoid": "^3.3.4",
        "picocolors": "^1.0.0",
        "source-map-js": "^1.0.2"
      }
    },
    "resolve": {
      "version": "1.22.1",
      "resolved": "https://registry.npmjs.org/resolve/-/resolve-1.22.1.tgz",
      "integrity": "sha512-nBpuuYuY5jFsli/JIs1oldw6fOQCBioohqWZg/2hiaOybXOft4lonv85uDOKXdf8rhyK159cxU5cDcK/NKk8zw==",
      "dev": true,
      "requires": {
        "is-core-module": "^2.9.0",
        "path-parse": "^1.0.7",
        "supports-preserve-symlinks-flag": "^1.0.0"
      }
    },
    "rollup": {
      "version": "2.78.1",
      "resolved": "https://registry.npmjs.org/rollup/-/rollup-2.78.1.tgz",
      "integrity": "sha512-VeeCgtGi4P+o9hIg+xz4qQpRl6R401LWEXBmxYKOV4zlF82lyhgh2hTZnheFUbANE8l2A41F458iwj2vEYaXJg==",
      "dev": true,
      "requires": {
        "fsevents": "~2.3.2"
      }
    },
    "source-map-js": {
      "version": "1.0.2",
      "resolved": "https://registry.npmjs.org/source-map-js/-/source-map-js-1.0.2.tgz",
      "integrity": "sha512-R0XvVJ9WusLiqTCEiGCmICCMplcCkIwwR11mOSD9CR5u+IXYdiseeEuXCVAjS54zqwkLcPNnmU4OeJ6tUrWhDw==",
      "dev": true
    },
    "supports-preserve-symlinks-flag": {
      "version": "1.0.0",
      "resolved": "https://registry.npmjs.org/supports-preserve-symlinks-flag/-/supports-preserve-symlinks-flag-1.0.0.tgz",
      "integrity": "sha512-ot0WnXS9fgdkgIcePe6RHNk1WA8+muPa6cSjeR3V8K27q9BB1rTE3R1p7Hv0z1ZyAc8s6Vvv8DIyWf681MAt0w==",
      "dev": true
    },
    "vite": {
      "version": "3.1.1",
      "resolved": "https://registry.npmjs.org/vite/-/vite-3.1.1.tgz",
      "integrity": "sha512-hgxQWev/AL7nWYrqByYo8nfcH9n97v6oFsta9+JX8h6cEkni7nHKP2kJleNYV2kcGhE8jsbaY1aStwPZXzPbgA==",
      "dev": true,
      "requires": {
        "esbuild": "^0.15.6",
        "fsevents": "~2.3.2",
        "postcss": "^8.4.16",
        "resolve": "^1.22.1",
        "rollup": "~2.78.0"
      }
    },
    "voxel-aabb-sweep": {
      "version": "0.5.0",
      "resolved": "https://registry.npmjs.org/voxel-aabb-sweep/-/voxel-aabb-sweep-0.5.0.tgz",
      "integrity": "sha512-cnjWJ8Xx03fzke8AqKCqKdDk+QsvGVOp2oAT1e6hcCFyDHAyCWM4o13G9xBofzHvXYAinz2hA8JuHK/G8+QD2w=="
    },
    "voxel-crunch": {
      "version": "0.2.1",
      "requires": {
        "bit-twiddle": "0.0.2"
      },
      "dependencies": {
        "bit-twiddle": {
          "version": "0.0.2"
        }
      }
    },
    "voxel-physics-engine": {
      "version": "0.13.0",
      "resolved": "https://registry.npmjs.org/voxel-physics-engine/-/voxel-physics-engine-0.13.0.tgz",
      "integrity": "sha512-5/R4VLTBmzJGsyNUNX7MNJsxBWqwmmEABTwa2mv0+Z6TLCwSEDufU5LGpP8D/50HM6eVCYR3WTpoG7JH1th/jw==",
      "requires": {
        "aabb-3d": "github:fenomas/aabb-3d",
        "gl-vec3": "^1.1.3",
        "voxel-aabb-sweep": "^0.5.0"
      }
    }
  }
}
